
Microsoft Visual Studio Solution File, Format Version 12.00
# Visual Studio Version 17
VisualStudioVersion = 17.0.31903.59
MinimumVisualStudioVersion = 10.0.40219.1
Project("{FAE04EC0-301F-11D3-BF4B-00C04F79EFBC}") = "NiceShop", "NiceShop.csproj", "{C643CDD5-F4AF-4689-8C4E-3CC35F343D4A}"
EndProject
Project("{FAE04EC0-301F-11D3-BF4B-00C04F79EFBC}") = "NiceShopLibrary", "..\NiceShopLibrary\NiceShopLibrary.csproj", "{0B075C90-49F8-4FD3-9726-B948B79F2E00}"
EndProject
Global
	GlobalSection(SolutionConfigurationPlatforms) = preSolution
		Debug|Any CPU = Debug|Any CPU
		Release|Any CPU = Release|Any CPU
	EndGlobalSection
	GlobalSection(ProjectConfigurationPlatforms) = postSolution
		{C643CDD5-F4AF-4689-8C4E-3CC35F343D4A}.Debug|Any CPU.ActiveCfg = Debug|Any CPU
		{C643CDD5-F4AF-4689-8C4E-3CC35F343D4A}.Debug|Any CPU.Build.0 = Debug|Any CPU
		{C643CDD5-F4AF-4689-8C4E-3CC35F343D4A}.Release|Any CPU.ActiveCfg = Release|Any CPU
		{C643CDD5-F4AF-4689-8C4E-3CC35F343D4A}.Release|Any CPU.Build.0 = Release|Any CPU
		{0B075C90-49F8-4FD3-9726-B948B79F2E00}.Debug|Any CPU.ActiveCfg = Debug|Any CPU
		{0B075C90-49F8-4FD3-9726-B948B79F2E00}.Debug|Any CPU.Build.0 = Debug|Any CPU
		{0B075C90-49F8-4FD3-9726-B948B79F2E00}.Release|Any CPU.ActiveCfg = Release|Any CPU
		{0B075C90-49F8-4FD3-9726-B948B79F2E00}.Release|Any CPU.Build.0 = Release|Any CPU
	EndGlobalSection
	GlobalSection(SolutionProperties) = preSolution
		HideSolutionNode = FALSE
	EndGlobalSection
	GlobalSection(ExtensibilityGlobals) = postSolution
		SolutionGuid = {35B18468-37E2-4ECA-B6D9-C0E544EFA8DF}
	EndGlobalSection
EndGlobal
